// !$*UTF8*$!
{
	archiveVersion = 1;
	classes = {
	};
	objectVersion = 52;
	objects = {

/* Begin PBXBuildFile section */
		07F43464F2A7239609E2B43D /* Pods_ScheduleAppTests.framework in Frameworks */ = {isa = PBXBuildFile; fileRef = F3C99D0FC64C45F4D99D666C /* Pods_ScheduleAppTests.framework */; };
		100EF55D276CF14D00071035 /* ContactsTableViewController.swift in Sources */ = {isa = PBXBuildFile; fileRef = 100EF55C276CF14C00071035 /* ContactsTableViewController.swift */; };
		100EF55F276CF34300071035 /* ContactsTableViewCell.swift in Sources */ = {isa = PBXBuildFile; fileRef = 100EF55E276CF34300071035 /* ContactsTableViewCell.swift */; };
		104145252774D83200931818 /* ScheduleModel.swift in Sources */ = {isa = PBXBuildFile; fileRef = 104145242774D83200931818 /* ScheduleModel.swift */; };
		104145282774DAD400931818 /* RealmManager.swift in Sources */ = {isa = PBXBuildFile; fileRef = 104145272774DAD400931818 /* RealmManager.swift */; };
		105095392757E241007BCC71 /* AppDelegate.swift in Sources */ = {isa = PBXBuildFile; fileRef = 105095382757E241007BCC71 /* AppDelegate.swift */; };
		1050953B2757E241007BCC71 /* SceneDelegate.swift in Sources */ = {isa = PBXBuildFile; fileRef = 1050953A2757E241007BCC71 /* SceneDelegate.swift */; };
		1050953D2757E241007BCC71 /* MainTabBarController.swift in Sources */ = {isa = PBXBuildFile; fileRef = 1050953C2757E241007BCC71 /* MainTabBarController.swift */; };
		105095422757E242007BCC71 /* Assets.xcassets in Resources */ = {isa = PBXBuildFile; fileRef = 105095412757E242007BCC71 /* Assets.xcassets */; };
		105095452757E242007BCC71 /* LaunchScreen.storyboard in Resources */ = {isa = PBXBuildFile; fileRef = 105095432757E242007BCC71 /* LaunchScreen.storyboard */; };
		105095502757E242007BCC71 /* ScheduleAppTests.swift in Sources */ = {isa = PBXBuildFile; fileRef = 1050954F2757E242007BCC71 /* ScheduleAppTests.swift */; };
		1050955B2757E242007BCC71 /* ScheduleAppUITests.swift in Sources */ = {isa = PBXBuildFile; fileRef = 1050955A2757E242007BCC71 /* ScheduleAppUITests.swift */; };
		1050956D2757F967007BCC71 /* ScheduleViewController.swift in Sources */ = {isa = PBXBuildFile; fileRef = 1050956C2757F967007BCC71 /* ScheduleViewController.swift */; };
		1050956F2757F9C3007BCC71 /* TasksViewController.swift in Sources */ = {isa = PBXBuildFile; fileRef = 1050956E2757F9C3007BCC71 /* TasksViewController.swift */; };
		105C162427725BF9009CE623 /* Realm in Frameworks */ = {isa = PBXBuildFile; productRef = 105C162327725BF9009CE623 /* Realm */; };
		105C162627725BF9009CE623 /* RealmSwift in Frameworks */ = {isa = PBXBuildFile; productRef = 105C162527725BF9009CE623 /* RealmSwift */; };
		107716DB2769149F0026C929 /* OptionsTasksTableViewCell.swift in Sources */ = {isa = PBXBuildFile; fileRef = 107716DA2769149F0026C929 /* OptionsTasksTableViewCell.swift */; };
		107FE5BB27763D2A00E0DB2D /* UIColor.swift in Sources */ = {isa = PBXBuildFile; fileRef = 107FE5BA27763D2A00E0DB2D /* UIColor.swift */; };
		107FE5BE2776424600E0DB2D /* PressButtonProtocols.swift in Sources */ = {isa = PBXBuildFile; fileRef = 107FE5BD2776424600E0DB2D /* PressButtonProtocols.swift */; };
		109576B7275E8016009F1E04 /* UIStackView.swift in Sources */ = {isa = PBXBuildFile; fileRef = 109576B6275E8016009F1E04 /* UIStackView.swift */; };
		109576B9275FC5BA009F1E04 /* UILabel.swift in Sources */ = {isa = PBXBuildFile; fileRef = 109576B8275FC5BA009F1E04 /* UILabel.swift */; };
		109576BD275FDB06009F1E04 /* TasksTableViewCell.swift in Sources */ = {isa = PBXBuildFile; fileRef = 109576BC275FDB06009F1E04 /* TasksTableViewCell.swift */; };
		109576BF27612EF8009F1E04 /* ScheduleOptionsTableViewController.swift in Sources */ = {isa = PBXBuildFile; fileRef = 109576BE27612EF8009F1E04 /* ScheduleOptionsTableViewController.swift */; };
		109576C727627965009F1E04 /* OptionsTableViewCell.swift in Sources */ = {isa = PBXBuildFile; fileRef = 109576C627627965009F1E04 /* OptionsTableViewCell.swift */; };
		109576C9276285E8009F1E04 /* HeaderOptionsTableViewCell.swift in Sources */ = {isa = PBXBuildFile; fileRef = 109576C8276285E8009F1E04 /* HeaderOptionsTableViewCell.swift */; };
		109576CC27666CE7009F1E04 /* AlertDate.swift in Sources */ = {isa = PBXBuildFile; fileRef = 109576CB27666CE7009F1E04 /* AlertDate.swift */; };
		10959EC62767AE4400C639E7 /* alertTime.swift in Sources */ = {isa = PBXBuildFile; fileRef = 10959EC52767AE4400C639E7 /* alertTime.swift */; };
		10959ECA2767B1E400C639E7 /* AlertForCellName.swift in Sources */ = {isa = PBXBuildFile; fileRef = 10959EC92767B1E400C639E7 /* AlertForCellName.swift */; };
		10959ECD2767B72100C639E7 /* ScheduleColorsViewController.swift in Sources */ = {isa = PBXBuildFile; fileRef = 10959ECC2767B72100C639E7 /* ScheduleColorsViewController.swift */; };
		10959ED12767B95700C639E7 /* ClientsViewController.swift in Sources */ = {isa = PBXBuildFile; fileRef = 10959ED02767B95700C639E7 /* ClientsViewController.swift */; };
		10959ED32769063C00C639E7 /* ColorsScheduleTableViewCell.swift in Sources */ = {isa = PBXBuildFile; fileRef = 10959ED22769063C00C639E7 /* ColorsScheduleTableViewCell.swift */; };
		10959ED527690B9A00C639E7 /* TasksOptionsTableView.swift in Sources */ = {isa = PBXBuildFile; fileRef = 10959ED427690B9A00C639E7 /* TasksOptionsTableView.swift */; };
		10AA3231275D3139000B00AA /* ScheduleTableViewCell.swift in Sources */ = {isa = PBXBuildFile; fileRef = 10AA3230275D3139000B00AA /* ScheduleTableViewCell.swift */; };
		10B68151277A28CE00F43409 /* AlertSavedSucces.swift in Sources */ = {isa = PBXBuildFile; fileRef = 10B68150277A28CE00F43409 /* AlertSavedSucces.swift */; };
		10E5F4772770F1B1005246C0 /* ContactsOptionsTableViewController.swift in Sources */ = {isa = PBXBuildFile; fileRef = 10E5F4762770F1B1005246C0 /* ContactsOptionsTableViewController.swift */; };
		10E5F4792771089B005246C0 /* AlertContact.swift in Sources */ = {isa = PBXBuildFile; fileRef = 10E5F4782771089B005246C0 /* AlertContact.swift */; };
		10E5F47B27723DCB005246C0 /* AlertPhotoCamera.swift in Sources */ = {isa = PBXBuildFile; fileRef = 10E5F47A27723DCA005246C0 /* AlertPhotoCamera.swift */; };
		963EDDA42A125136BD905D39 /* Pods_ScheduleApp.framework in Frameworks */ = {isa = PBXBuildFile; fileRef = 5201C177C8681267824B6C11 /* Pods_ScheduleApp.framework */; };
		DD055B3106ADFCDB32D8C662 /* Pods_ScheduleApp_ScheduleAppUITests.framework in Frameworks */ = {isa = PBXBuildFile; fileRef = DAA6F5EF58F5447851679113 /* Pods_ScheduleApp_ScheduleAppUITests.framework */; };
/* End PBXBuildFile section */

/* Begin PBXBuildRule section */
		108F825B276F6044004A06ED /* PBXBuildRule */ = {
			isa = PBXBuildRule;
			compilerSpec = com.apple.compilers.proxy.script;
			fileType = text.plist.strings;
			inputFiles = (
			);
			isEditable = 1;
			outputFiles = (
			);
			script = "# builtin-copyStrings\n";
		};
/* End PBXBuildRule section */

/* Begin PBXContainerItemProxy section */
		1050954C2757E242007BCC71 /* PBXContainerItemProxy */ = {
			isa = PBXContainerItemProxy;
			containerPortal = 1050952D2757E241007BCC71 /* Project object */;
			proxyType = 1;
			remoteGlobalIDString = 105095342757E241007BCC71;
			remoteInfo = ScheduleApp;
		};
		105095572757E242007BCC71 /* PBXContainerItemProxy */ = {
			isa = PBXContainerItemProxy;
			containerPortal = 1050952D2757E241007BCC71 /* Project object */;
			proxyType = 1;
			remoteGlobalIDString = 105095342757E241007BCC71;
			remoteInfo = ScheduleApp;
		};
/* End PBXContainerItemProxy section */

/* Begin PBXFileReference section */
		100EF55C276CF14C00071035 /* ContactsTableViewController.swift */ = {isa = PBXFileReference; lastKnownFileType = sourcecode.swift; path = ContactsTableViewController.swift; sourceTree = "<group>"; };
		100EF55E276CF34300071035 /* ContactsTableViewCell.swift */ = {isa = PBXFileReference; lastKnownFileType = sourcecode.swift; path = ContactsTableViewCell.swift; sourceTree = "<group>"; };
		104145242774D83200931818 /* ScheduleModel.swift */ = {isa = PBXFileReference; lastKnownFileType = sourcecode.swift; path = ScheduleModel.swift; sourceTree = "<group>"; };
		104145272774DAD400931818 /* RealmManager.swift */ = {isa = PBXFileReference; lastKnownFileType = sourcecode.swift; path = RealmManager.swift; sourceTree = "<group>"; };
		105095352757E241007BCC71 /* ScheduleApp.app */ = {isa = PBXFileReference; explicitFileType = wrapper.application; includeInIndex = 0; path = ScheduleApp.app; sourceTree = BUILT_PRODUCTS_DIR; };
		105095382757E241007BCC71 /* AppDelegate.swift */ = {isa = PBXFileReference; lastKnownFileType = sourcecode.swift; path = AppDelegate.swift; sourceTree = "<group>"; };
		1050953A2757E241007BCC71 /* SceneDelegate.swift */ = {isa = PBXFileReference; lastKnownFileType = sourcecode.swift; path = SceneDelegate.swift; sourceTree = "<group>"; };
		1050953C2757E241007BCC71 /* MainTabBarController.swift */ = {isa = PBXFileReference; lastKnownFileType = sourcecode.swift; path = MainTabBarController.swift; sourceTree = "<group>"; };
		105095412757E242007BCC71 /* Assets.xcassets */ = {isa = PBXFileReference; lastKnownFileType = folder.assetcatalog; path = Assets.xcassets; sourceTree = "<group>"; };
		105095442757E242007BCC71 /* Base */ = {isa = PBXFileReference; lastKnownFileType = file.storyboard; name = Base; path = Base.lproj/LaunchScreen.storyboard; sourceTree = "<group>"; };
		105095462757E242007BCC71 /* Info.plist */ = {isa = PBXFileReference; lastKnownFileType = text.plist.xml; path = Info.plist; sourceTree = "<group>"; };
		1050954B2757E242007BCC71 /* ScheduleAppTests.xctest */ = {isa = PBXFileReference; explicitFileType = wrapper.cfbundle; includeInIndex = 0; path = ScheduleAppTests.xctest; sourceTree = BUILT_PRODUCTS_DIR; };
		1050954F2757E242007BCC71 /* ScheduleAppTests.swift */ = {isa = PBXFileReference; lastKnownFileType = sourcecode.swift; path = ScheduleAppTests.swift; sourceTree = "<group>"; };
		105095512757E242007BCC71 /* Info.plist */ = {isa = PBXFileReference; lastKnownFileType = text.plist.xml; path = Info.plist; sourceTree = "<group>"; };
		105095562757E242007BCC71 /* ScheduleAppUITests.xctest */ = {isa = PBXFileReference; explicitFileType = wrapper.cfbundle; includeInIndex = 0; path = ScheduleAppUITests.xctest; sourceTree = BUILT_PRODUCTS_DIR; };
		1050955A2757E242007BCC71 /* ScheduleAppUITests.swift */ = {isa = PBXFileReference; lastKnownFileType = sourcecode.swift; path = ScheduleAppUITests.swift; sourceTree = "<group>"; };
		1050955C2757E243007BCC71 /* Info.plist */ = {isa = PBXFileReference; lastKnownFileType = text.plist.xml; path = Info.plist; sourceTree = "<group>"; };
		1050956C2757F967007BCC71 /* ScheduleViewController.swift */ = {isa = PBXFileReference; lastKnownFileType = sourcecode.swift; path = ScheduleViewController.swift; sourceTree = "<group>"; };
		1050956E2757F9C3007BCC71 /* TasksViewController.swift */ = {isa = PBXFileReference; lastKnownFileType = sourcecode.swift; path = TasksViewController.swift; sourceTree = "<group>"; };
		107716DA2769149F0026C929 /* OptionsTasksTableViewCell.swift */ = {isa = PBXFileReference; lastKnownFileType = sourcecode.swift; path = OptionsTasksTableViewCell.swift; sourceTree = "<group>"; };
		107FE5BA27763D2A00E0DB2D /* UIColor.swift */ = {isa = PBXFileReference; lastKnownFileType = sourcecode.swift; path = UIColor.swift; sourceTree = "<group>"; };
		107FE5BD2776424600E0DB2D /* PressButtonProtocols.swift */ = {isa = PBXFileReference; lastKnownFileType = sourcecode.swift; path = PressButtonProtocols.swift; sourceTree = "<group>"; };
		109576B6275E8016009F1E04 /* UIStackView.swift */ = {isa = PBXFileReference; lastKnownFileType = sourcecode.swift; path = UIStackView.swift; sourceTree = "<group>"; };
		109576B8275FC5BA009F1E04 /* UILabel.swift */ = {isa = PBXFileReference; lastKnownFileType = sourcecode.swift; path = UILabel.swift; sourceTree = "<group>"; };
		109576BC275FDB06009F1E04 /* TasksTableViewCell.swift */ = {isa = PBXFileReference; lastKnownFileType = sourcecode.swift; path = TasksTableViewCell.swift; sourceTree = "<group>"; };
		109576BE27612EF8009F1E04 /* ScheduleOptionsTableViewController.swift */ = {isa = PBXFileReference; lastKnownFileType = sourcecode.swift; path = ScheduleOptionsTableViewController.swift; sourceTree = "<group>"; };
		109576C627627965009F1E04 /* OptionsTableViewCell.swift */ = {isa = PBXFileReference; lastKnownFileType = sourcecode.swift; path = OptionsTableViewCell.swift; sourceTree = "<group>"; };
		109576C8276285E8009F1E04 /* HeaderOptionsTableViewCell.swift */ = {isa = PBXFileReference; lastKnownFileType = sourcecode.swift; path = HeaderOptionsTableViewCell.swift; sourceTree = "<group>"; };
		109576CB27666CE7009F1E04 /* AlertDate.swift */ = {isa = PBXFileReference; lastKnownFileType = sourcecode.swift; path = AlertDate.swift; sourceTree = "<group>"; };
		10959EC52767AE4400C639E7 /* alertTime.swift */ = {isa = PBXFileReference; lastKnownFileType = sourcecode.swift; path = alertTime.swift; sourceTree = "<group>"; };
		10959EC92767B1E400C639E7 /* AlertForCellName.swift */ = {isa = PBXFileReference; lastKnownFileType = sourcecode.swift; path = AlertForCellName.swift; sourceTree = "<group>"; };
		10959ECC2767B72100C639E7 /* ScheduleColorsViewController.swift */ = {isa = PBXFileReference; lastKnownFileType = sourcecode.swift; path = ScheduleColorsViewController.swift; sourceTree = "<group>"; };
		10959ED02767B95700C639E7 /* ClientsViewController.swift */ = {isa = PBXFileReference; lastKnownFileType = sourcecode.swift; path = ClientsViewController.swift; sourceTree = "<group>"; };
		10959ED22769063C00C639E7 /* ColorsScheduleTableViewCell.swift */ = {isa = PBXFileReference; lastKnownFileType = sourcecode.swift; path = ColorsScheduleTableViewCell.swift; sourceTree = "<group>"; };
		10959ED427690B9A00C639E7 /* TasksOptionsTableView.swift */ = {isa = PBXFileReference; lastKnownFileType = sourcecode.swift; path = TasksOptionsTableView.swift; sourceTree = "<group>"; };
		10AA3230275D3139000B00AA /* ScheduleTableViewCell.swift */ = {isa = PBXFileReference; lastKnownFileType = sourcecode.swift; path = ScheduleTableViewCell.swift; sourceTree = "<group>"; };
		10B68150277A28CE00F43409 /* AlertSavedSucces.swift */ = {isa = PBXFileReference; lastKnownFileType = sourcecode.swift; path = AlertSavedSucces.swift; sourceTree = "<group>"; };
		10E5F4762770F1B1005246C0 /* ContactsOptionsTableViewController.swift */ = {isa = PBXFileReference; lastKnownFileType = sourcecode.swift; path = ContactsOptionsTableViewController.swift; sourceTree = "<group>"; };
		10E5F4782771089B005246C0 /* AlertContact.swift */ = {isa = PBXFileReference; lastKnownFileType = sourcecode.swift; path = AlertContact.swift; sourceTree = "<group>"; };
		10E5F47A27723DCA005246C0 /* AlertPhotoCamera.swift */ = {isa = PBXFileReference; lastKnownFileType = sourcecode.swift; path = AlertPhotoCamera.swift; sourceTree = "<group>"; };
		2E453E5A8986123212DF9C07 /* Pods-ScheduleApp-ScheduleAppUITests.debug.xcconfig */ = {isa = PBXFileReference; includeInIndex = 1; lastKnownFileType = text.xcconfig; name = "Pods-ScheduleApp-ScheduleAppUITests.debug.xcconfig"; path = "Target Support Files/Pods-ScheduleApp-ScheduleAppUITests/Pods-ScheduleApp-ScheduleAppUITests.debug.xcconfig"; sourceTree = "<group>"; };
		405D6516CA0936B28EE7F380 /* Pods-ScheduleAppTests.debug.xcconfig */ = {isa = PBXFileReference; includeInIndex = 1; lastKnownFileType = text.xcconfig; name = "Pods-ScheduleAppTests.debug.xcconfig"; path = "Target Support Files/Pods-ScheduleAppTests/Pods-ScheduleAppTests.debug.xcconfig"; sourceTree = "<group>"; };
		5201C177C8681267824B6C11 /* Pods_ScheduleApp.framework */ = {isa = PBXFileReference; explicitFileType = wrapper.framework; includeInIndex = 0; path = Pods_ScheduleApp.framework; sourceTree = BUILT_PRODUCTS_DIR; };
		67390681922B313F558F65F6 /* Pods-ScheduleApp.release.xcconfig */ = {isa = PBXFileReference; includeInIndex = 1; lastKnownFileType = text.xcconfig; name = "Pods-ScheduleApp.release.xcconfig"; path = "Target Support Files/Pods-ScheduleApp/Pods-ScheduleApp.release.xcconfig"; sourceTree = "<group>"; };
		7FEB4B46A6E7B78FF03D96B3 /* Pods-ScheduleApp-ScheduleAppUITests.release.xcconfig */ = {isa = PBXFileReference; includeInIndex = 1; lastKnownFileType = text.xcconfig; name = "Pods-ScheduleApp-ScheduleAppUITests.release.xcconfig"; path = "Target Support Files/Pods-ScheduleApp-ScheduleAppUITests/Pods-ScheduleApp-ScheduleAppUITests.release.xcconfig"; sourceTree = "<group>"; };
		872866CDD24DB73C5FF82F5C /* Pods-ScheduleAppTests.release.xcconfig */ = {isa = PBXFileReference; includeInIndex = 1; lastKnownFileType = text.xcconfig; name = "Pods-ScheduleAppTests.release.xcconfig"; path = "Target Support Files/Pods-ScheduleAppTests/Pods-ScheduleAppTests.release.xcconfig"; sourceTree = "<group>"; };
		DAA6F5EF58F5447851679113 /* Pods_ScheduleApp_ScheduleAppUITests.framework */ = {isa = PBXFileReference; explicitFileType = wrapper.framework; includeInIndex = 0; path = Pods_ScheduleApp_ScheduleAppUITests.framework; sourceTree = BUILT_PRODUCTS_DIR; };
		F043ED3AC3386641D84244BE /* Pods-ScheduleApp.debug.xcconfig */ = {isa = PBXFileReference; includeInIndex = 1; lastKnownFileType = text.xcconfig; name = "Pods-ScheduleApp.debug.xcconfig"; path = "Target Support Files/Pods-ScheduleApp/Pods-ScheduleApp.debug.xcconfig"; sourceTree = "<group>"; };
		F3C99D0FC64C45F4D99D666C /* Pods_ScheduleAppTests.framework */ = {isa = PBXFileReference; explicitFileType = wrapper.framework; includeInIndex = 0; path = Pods_ScheduleAppTests.framework; sourceTree = BUILT_PRODUCTS_DIR; };
/* End PBXFileReference section */

/* Begin PBXFrameworksBuildPhase section */
		105095322757E241007BCC71 /* Frameworks */ = {
			isa = PBXFrameworksBuildPhase;
			buildActionMask = 2147483647;
			files = (
				105C162627725BF9009CE623 /* RealmSwift in Frameworks */,
				105C162427725BF9009CE623 /* Realm in Frameworks */,
				963EDDA42A125136BD905D39 /* Pods_ScheduleApp.framework in Frameworks */,
			);
			runOnlyForDeploymentPostprocessing = 0;
		};
		105095482757E242007BCC71 /* Frameworks */ = {
			isa = PBXFrameworksBuildPhase;
			buildActionMask = 2147483647;
			files = (
				07F43464F2A7239609E2B43D /* Pods_ScheduleAppTests.framework in Frameworks */,
			);
			runOnlyForDeploymentPostprocessing = 0;
		};
		105095532757E242007BCC71 /* Frameworks */ = {
			isa = PBXFrameworksBuildPhase;
			buildActionMask = 2147483647;
			files = (
				DD055B3106ADFCDB32D8C662 /* Pods_ScheduleApp_ScheduleAppUITests.framework in Frameworks */,
			);
			runOnlyForDeploymentPostprocessing = 0;
		};
/* End PBXFrameworksBuildPhase section */

/* Begin PBXGroup section */
		104145232774D81A00931818 /* Realm */ = {
			isa = PBXGroup;
			children = (
				104145242774D83200931818 /* ScheduleModel.swift */,
			);
			path = Realm;
			sourceTree = "<group>";
		};
		104145262774DA9700931818 /* Services */ = {
			isa = PBXGroup;
			children = (
				104145272774DAD400931818 /* RealmManager.swift */,
			);
			path = Services;
			sourceTree = "<group>";
		};
		1050952C2757E241007BCC71 = {
			isa = PBXGroup;
			children = (
				105095372757E241007BCC71 /* ScheduleApp */,
				1050954E2757E242007BCC71 /* ScheduleAppTests */,
				105095592757E242007BCC71 /* ScheduleAppUITests */,
				105095362757E241007BCC71 /* Products */,
				17108DE37DC96250EE101A2E /* Pods */,
				CA14609CA92C58A0EAE5AB4A /* Frameworks */,
			);
			sourceTree = "<group>";
		};
		105095362757E241007BCC71 /* Products */ = {
			isa = PBXGroup;
			children = (
				105095352757E241007BCC71 /* ScheduleApp.app */,
				1050954B2757E242007BCC71 /* ScheduleAppTests.xctest */,
				105095562757E242007BCC71 /* ScheduleAppUITests.xctest */,
			);
			name = Products;
			sourceTree = "<group>";
		};
		105095372757E241007BCC71 /* ScheduleApp */ = {
			isa = PBXGroup;
			children = (
				1050956B2757E7D1007BCC71 /* Application */,
				1050956A2757E7C2007BCC71 /* Controller */,
				10AA322E275D30C1000B00AA /* Model */,
				104145262774DA9700931818 /* Services */,
				109576B4275E7FC7009F1E04 /* Extension */,
				107FE5BC2776421500E0DB2D /* Protocols */,
				105095692757E4F5007BCC71 /* Sourses */,
			);
			path = ScheduleApp;
			sourceTree = "<group>";
		};
		1050954E2757E242007BCC71 /* ScheduleAppTests */ = {
			isa = PBXGroup;
			children = (
				1050954F2757E242007BCC71 /* ScheduleAppTests.swift */,
				105095512757E242007BCC71 /* Info.plist */,
			);
			path = ScheduleAppTests;
			sourceTree = "<group>";
		};
		105095592757E242007BCC71 /* ScheduleAppUITests */ = {
			isa = PBXGroup;
			children = (
				1050955A2757E242007BCC71 /* ScheduleAppUITests.swift */,
				1050955C2757E243007BCC71 /* Info.plist */,
			);
			path = ScheduleAppUITests;
			sourceTree = "<group>";
		};
		105095692757E4F5007BCC71 /* Sourses */ = {
			isa = PBXGroup;
			children = (
				105095432757E242007BCC71 /* LaunchScreen.storyboard */,
				105095462757E242007BCC71 /* Info.plist */,
				105095412757E242007BCC71 /* Assets.xcassets */,
			);
			path = Sourses;
			sourceTree = "<group>";
		};
		1050956A2757E7C2007BCC71 /* Controller */ = {
			isa = PBXGroup;
			children = (
				1050953C2757E241007BCC71 /* MainTabBarController.swift */,
				109576C027612F29009F1E04 /* Schedule */,
				109576C127612F50009F1E04 /* Tasks */,
			);
			path = Controller;
			sourceTree = "<group>";
		};
		1050956B2757E7D1007BCC71 /* Application */ = {
			isa = PBXGroup;
			children = (
				105095382757E241007BCC71 /* AppDelegate.swift */,
				1050953A2757E241007BCC71 /* SceneDelegate.swift */,
			);
			path = Application;
			sourceTree = "<group>";
		};
		107FE5BC2776421500E0DB2D /* Protocols */ = {
			isa = PBXGroup;
			children = (
				107FE5BD2776424600E0DB2D /* PressButtonProtocols.swift */,
			);
			path = Protocols;
			sourceTree = "<group>";
		};
		109576B4275E7FC7009F1E04 /* Extension */ = {
			isa = PBXGroup;
			children = (
				109576B5275E8002009F1E04 /* UIkit */,
			);
			path = Extension;
			sourceTree = "<group>";
		};
		109576B5275E8002009F1E04 /* UIkit */ = {
			isa = PBXGroup;
			children = (
				109576B6275E8016009F1E04 /* UIStackView.swift */,
				109576B8275FC5BA009F1E04 /* UILabel.swift */,
				107FE5BA27763D2A00E0DB2D /* UIColor.swift */,
			);
			path = UIkit;
			sourceTree = "<group>";
		};
		109576C027612F29009F1E04 /* Schedule */ = {
			isa = PBXGroup;
			children = (
				1050956C2757F967007BCC71 /* ScheduleViewController.swift */,
				109576BE27612EF8009F1E04 /* ScheduleOptionsTableViewController.swift */,
				10959ECC2767B72100C639E7 /* ScheduleColorsViewController.swift */,
			);
			path = Schedule;
			sourceTree = "<group>";
		};
		109576C127612F50009F1E04 /* Tasks */ = {
			isa = PBXGroup;
			children = (
				1050956E2757F9C3007BCC71 /* TasksViewController.swift */,
				10959ED427690B9A00C639E7 /* TasksOptionsTableView.swift */,
			);
			path = Tasks;
			sourceTree = "<group>";
		};
		109576C227612F79009F1E04 /* Contacts */ = {
			isa = PBXGroup;
			children = (
				100EF55C276CF14C00071035 /* ContactsTableViewController.swift */,
				10959ED02767B95700C639E7 /* ClientsViewController.swift */,
				10E5F4762770F1B1005246C0 /* ContactsOptionsTableViewController.swift */,
			);
			path = Contacts;
			sourceTree = "<group>";
		};
		109576C3276278F0009F1E04 /* Schedule */ = {
			isa = PBXGroup;
			children = (
				10AA3230275D3139000B00AA /* ScheduleTableViewCell.swift */,
				10959ED22769063C00C639E7 /* ColorsScheduleTableViewCell.swift */,
			);
			path = Schedule;
			sourceTree = "<group>";
		};
		109576C4276278F8009F1E04 /* Tasks */ = {
			isa = PBXGroup;
			children = (
				109576BC275FDB06009F1E04 /* TasksTableViewCell.swift */,
				107716DA2769149F0026C929 /* OptionsTasksTableViewCell.swift */,
			);
			path = Tasks;
			sourceTree = "<group>";
		};
		109576C5276278FF009F1E04 /* Contacts */ = {
			isa = PBXGroup;
			children = (
				100EF55E276CF34300071035 /* ContactsTableViewCell.swift */,
			);
			path = Contacts;
			sourceTree = "<group>";
		};
		109576CA27666CC0009F1E04 /* Alert */ = {
			isa = PBXGroup;
			children = (
				109576CB27666CE7009F1E04 /* AlertDate.swift */,
				10959EC52767AE4400C639E7 /* alertTime.swift */,
				10959EC92767B1E400C639E7 /* AlertForCellName.swift */,
				10E5F4782771089B005246C0 /* AlertContact.swift */,
				10E5F47A27723DCA005246C0 /* AlertPhotoCamera.swift */,
				10B68150277A28CE00F43409 /* AlertSavedSucces.swift */,
			);
			path = Alert;
			sourceTree = "<group>";
		};
		10AA322E275D30C1000B00AA /* Model */ = {
			isa = PBXGroup;
			children = (
				104145232774D81A00931818 /* Realm */,
				109576C227612F79009F1E04 /* Contacts */,
				109576CA27666CC0009F1E04 /* Alert */,
				10AA322F275D30F2000B00AA /* Cell */,
			);
			path = Model;
			sourceTree = "<group>";
		};
		10AA322F275D30F2000B00AA /* Cell */ = {
			isa = PBXGroup;
			children = (
				109576C8276285E8009F1E04 /* HeaderOptionsTableViewCell.swift */,
				109576C627627965009F1E04 /* OptionsTableViewCell.swift */,
				109576C3276278F0009F1E04 /* Schedule */,
				109576C4276278F8009F1E04 /* Tasks */,
				109576C5276278FF009F1E04 /* Contacts */,
			);
			path = Cell;
			sourceTree = "<group>";
		};
		17108DE37DC96250EE101A2E /* Pods */ = {
			isa = PBXGroup;
			children = (
				F043ED3AC3386641D84244BE /* Pods-ScheduleApp.debug.xcconfig */,
				67390681922B313F558F65F6 /* Pods-ScheduleApp.release.xcconfig */,
				2E453E5A8986123212DF9C07 /* Pods-ScheduleApp-ScheduleAppUITests.debug.xcconfig */,
				7FEB4B46A6E7B78FF03D96B3 /* Pods-ScheduleApp-ScheduleAppUITests.release.xcconfig */,
				405D6516CA0936B28EE7F380 /* Pods-ScheduleAppTests.debug.xcconfig */,
				872866CDD24DB73C5FF82F5C /* Pods-ScheduleAppTests.release.xcconfig */,
			);
			path = Pods;
			sourceTree = "<group>";
		};
		CA14609CA92C58A0EAE5AB4A /* Frameworks */ = {
			isa = PBXGroup;
			children = (
				5201C177C8681267824B6C11 /* Pods_ScheduleApp.framework */,
				DAA6F5EF58F5447851679113 /* Pods_ScheduleApp_ScheduleAppUITests.framework */,
				F3C99D0FC64C45F4D99D666C /* Pods_ScheduleAppTests.framework */,
			);
			name = Frameworks;
			sourceTree = "<group>";
		};
/* End PBXGroup section */

/* Begin PBXNativeTarget section */
		105095342757E241007BCC71 /* ScheduleApp */ = {
			isa = PBXNativeTarget;
			buildConfigurationList = 1050955F2757E243007BCC71 /* Build configuration list for PBXNativeTarget "ScheduleApp" */;
			buildPhases = (
				577719C341E005AA29BFF590 /* [CP] Check Pods Manifest.lock */,
				105095312757E241007BCC71 /* Sources */,
				105095322757E241007BCC71 /* Frameworks */,
				105095332757E241007BCC71 /* Resources */,
				25C5F056A7801BE2DBB9DF1A /* [CP] Embed Pods Frameworks */,
			);
			buildRules = (
				108F825B276F6044004A06ED /* PBXBuildRule */,
			);
			dependencies = (
			);
			name = ScheduleApp;
			packageProductDependencies = (
				105C162327725BF9009CE623 /* Realm */,
				105C162527725BF9009CE623 /* RealmSwift */,
			);
			productName = ScheduleApp;
			productReference = 105095352757E241007BCC71 /* ScheduleApp.app */;
			productType = "com.apple.product-type.application";
		};
		1050954A2757E242007BCC71 /* ScheduleAppTests */ = {
			isa = PBXNativeTarget;
			buildConfigurationList = 105095622757E243007BCC71 /* Build configuration list for PBXNativeTarget "ScheduleAppTests" */;
			buildPhases = (
				BFDFD677679CE202DA50083E /* [CP] Check Pods Manifest.lock */,
				105095472757E242007BCC71 /* Sources */,
				105095482757E242007BCC71 /* Frameworks */,
				105095492757E242007BCC71 /* Resources */,
			);
			buildRules = (
			);
			dependencies = (
				1050954D2757E242007BCC71 /* PBXTargetDependency */,
			);
			name = ScheduleAppTests;
			productName = ScheduleAppTests;
			productReference = 1050954B2757E242007BCC71 /* ScheduleAppTests.xctest */;
			productType = "com.apple.product-type.bundle.unit-test";
		};
		105095552757E242007BCC71 /* ScheduleAppUITests */ = {
			isa = PBXNativeTarget;
			buildConfigurationList = 105095652757E243007BCC71 /* Build configuration list for PBXNativeTarget "ScheduleAppUITests" */;
			buildPhases = (
				2DDEBC37245458FEF9679743 /* [CP] Check Pods Manifest.lock */,
				105095522757E242007BCC71 /* Sources */,
				105095532757E242007BCC71 /* Frameworks */,
				105095542757E242007BCC71 /* Resources */,
				755194E63E5BBA4C08F6BAA9 /* [CP] Embed Pods Frameworks */,
			);
			buildRules = (
			);
			dependencies = (
				105095582757E242007BCC71 /* PBXTargetDependency */,
			);
			name = ScheduleAppUITests;
			productName = ScheduleAppUITests;
			productReference = 105095562757E242007BCC71 /* ScheduleAppUITests.xctest */;
			productType = "com.apple.product-type.bundle.ui-testing";
		};
/* End PBXNativeTarget section */

/* Begin PBXProject section */
		1050952D2757E241007BCC71 /* Project object */ = {
			isa = PBXProject;
			attributes = {
				LastSwiftUpdateCheck = 1250;
				LastUpgradeCheck = 1250;
				TargetAttributes = {
					105095342757E241007BCC71 = {
						CreatedOnToolsVersion = 12.5.1;
					};
					1050954A2757E242007BCC71 = {
						CreatedOnToolsVersion = 12.5.1;
						TestTargetID = 105095342757E241007BCC71;
					};
					105095552757E242007BCC71 = {
						CreatedOnToolsVersion = 12.5.1;
						TestTargetID = 105095342757E241007BCC71;
					};
				};
			};
			buildConfigurationList = 105095302757E241007BCC71 /* Build configuration list for PBXProject "ScheduleApp" */;
			compatibilityVersion = "Xcode 9.3";
			developmentRegion = en;
			hasScannedForEncodings = 0;
			knownRegions = (
				en,
				Base,
			);
			mainGroup = 1050952C2757E241007BCC71;
			packageReferences = (
				105C162227725BF9009CE623 /* XCRemoteSwiftPackageReference "realm-swift" */,
			);
			productRefGroup = 105095362757E241007BCC71 /* Products */;
			projectDirPath = "";
			projectRoot = "";
			targets = (
				105095342757E241007BCC71 /* ScheduleApp */,
				1050954A2757E242007BCC71 /* ScheduleAppTests */,
				105095552757E242007BCC71 /* ScheduleAppUITests */,
			);
		};
/* End PBXProject section */

/* Begin PBXResourcesBuildPhase section */
		105095332757E241007BCC71 /* Resources */ = {
			isa = PBXResourcesBuildPhase;
			buildActionMask = 2147483647;
			files = (
				105095452757E242007BCC71 /* LaunchScreen.storyboard in Resources */,
				105095422757E242007BCC71 /* Assets.xcassets in Resources */,
			);
			runOnlyForDeploymentPostprocessing = 0;
		};
		105095492757E242007BCC71 /* Resources */ = {
			isa = PBXResourcesBuildPhase;
			buildActionMask = 2147483647;
			files = (
			);
			runOnlyForDeploymentPostprocessing = 0;
		};
		105095542757E242007BCC71 /* Resources */ = {
			isa = PBXResourcesBuildPhase;
			buildActionMask = 2147483647;
			files = (
			);
			runOnlyForDeploymentPostprocessing = 0;
		};
/* End PBXResourcesBuildPhase section */

/* Begin PBXShellScriptBuildPhase section */
		25C5F056A7801BE2DBB9DF1A /* [CP] Embed Pods Frameworks */ = {
			isa = PBXShellScriptBuildPhase;
			buildActionMask = 2147483647;
			files = (
			);
			inputFileListPaths = (
				"${PODS_ROOT}/Target Support Files/Pods-ScheduleApp/Pods-ScheduleApp-frameworks-${CONFIGURATION}-input-files.xcfilelist",
			);
			name = "[CP] Embed Pods Frameworks";
			outputFileListPaths = (
				"${PODS_ROOT}/Target Support Files/Pods-ScheduleApp/Pods-ScheduleApp-frameworks-${CONFIGURATION}-output-files.xcfilelist",
			);
			runOnlyForDeploymentPostprocessing = 0;
			shellPath = /bin/sh;
			shellScript = "\"${PODS_ROOT}/Target Support Files/Pods-ScheduleApp/Pods-ScheduleApp-frameworks.sh\"\n";
			showEnvVarsInLog = 0;
		};
		2DDEBC37245458FEF9679743 /* [CP] Check Pods Manifest.lock */ = {
			isa = PBXShellScriptBuildPhase;
			buildActionMask = 2147483647;
			files = (
			);
			inputFileListPaths = (
			);
			inputPaths = (
				"${PODS_PODFILE_DIR_PATH}/Podfile.lock",
				"${PODS_ROOT}/Manifest.lock",
			);
			name = "[CP] Check Pods Manifest.lock";
			outputFileListPaths = (
			);
			outputPaths = (
				"$(DERIVED_FILE_DIR)/Pods-ScheduleApp-ScheduleAppUITests-checkManifestLockResult.txt",
			);
			runOnlyForDeploymentPostprocessing = 0;
			shellPath = /bin/sh;
			shellScript = "diff \"${PODS_PODFILE_DIR_PATH}/Podfile.lock\" \"${PODS_ROOT}/Manifest.lock\" > /dev/null\nif [ $? != 0 ] ; then\n    # print error to STDERR\n    echo \"error: The sandbox is not in sync with the Podfile.lock. Run 'pod install' or update your CocoaPods installation.\" >&2\n    exit 1\nfi\n# This output is used by Xcode 'outputs' to avoid re-running this script phase.\necho \"SUCCESS\" > \"${SCRIPT_OUTPUT_FILE_0}\"\n";
			showEnvVarsInLog = 0;
		};
		577719C341E005AA29BFF590 /* [CP] Check Pods Manifest.lock */ = {
			isa = PBXShellScriptBuildPhase;
			buildActionMask = 2147483647;
			files = (
			);
			inputFileListPaths = (
			);
			inputPaths = (
				"${PODS_PODFILE_DIR_PATH}/Podfile.lock",
				"${PODS_ROOT}/Manifest.lock",
			);
			name = "[CP] Check Pods Manifest.lock";
			outputFileListPaths = (
			);
			outputPaths = (
				"$(DERIVED_FILE_DIR)/Pods-ScheduleApp-checkManifestLockResult.txt",
			);
			runOnlyForDeploymentPostprocessing = 0;
			shellPath = /bin/sh;
			shellScript = "diff \"${PODS_PODFILE_DIR_PATH}/Podfile.lock\" \"${PODS_ROOT}/Manifest.lock\" > /dev/null\nif [ $? != 0 ] ; then\n    # print error to STDERR\n    echo \"error: The sandbox is not in sync with the Podfile.lock. Run 'pod install' or update your CocoaPods installation.\" >&2\n    exit 1\nfi\n# This output is used by Xcode 'outputs' to avoid re-running this script phase.\necho \"SUCCESS\" > \"${SCRIPT_OUTPUT_FILE_0}\"\n";
			showEnvVarsInLog = 0;
		};
		755194E63E5BBA4C08F6BAA9 /* [CP] Embed Pods Frameworks */ = {
			isa = PBXShellScriptBuildPhase;
			buildActionMask = 2147483647;
			files = (
			);
			inputFileListPaths = (
				"${PODS_ROOT}/Target Support Files/Pods-ScheduleApp-ScheduleAppUITests/Pods-ScheduleApp-ScheduleAppUITests-frameworks-${CONFIGURATION}-input-files.xcfilelist",
			);
			name = "[CP] Embed Pods Frameworks";
			outputFileListPaths = (
				"${PODS_ROOT}/Target Support Files/Pods-ScheduleApp-ScheduleAppUITests/Pods-ScheduleApp-ScheduleAppUITests-frameworks-${CONFIGURATION}-output-files.xcfilelist",
			);
			runOnlyForDeploymentPostprocessing = 0;
			shellPath = /bin/sh;
			shellScript = "\"${PODS_ROOT}/Target Support Files/Pods-ScheduleApp-ScheduleAppUITests/Pods-ScheduleApp-ScheduleAppUITests-frameworks.sh\"\n";
			showEnvVarsInLog = 0;
		};
		BFDFD677679CE202DA50083E /* [CP] Check Pods Manifest.lock */ = {
			isa = PBXShellScriptBuildPhase;
			buildActionMask = 2147483647;
			files = (
			);
			inputFileListPaths = (
			);
			inputPaths = (
				"${PODS_PODFILE_DIR_PATH}/Podfile.lock",
				"${PODS_ROOT}/Manifest.lock",
			);
			name = "[CP] Check Pods Manifest.lock";
			outputFileListPaths = (
			);
			outputPaths = (
				"$(DERIVED_FILE_DIR)/Pods-ScheduleAppTests-checkManifestLockResult.txt",
			);
			runOnlyForDeploymentPostprocessing = 0;
			shellPath = /bin/sh;
			shellScript = "diff \"${PODS_PODFILE_DIR_PATH}/Podfile.lock\" \"${PODS_ROOT}/Manifest.lock\" > /dev/null\nif [ $? != 0 ] ; then\n    # print error to STDERR\n    echo \"error: The sandbox is not in sync with the Podfile.lock. Run 'pod install' or update your CocoaPods installation.\" >&2\n    exit 1\nfi\n# This output is used by Xcode 'outputs' to avoid re-running this script phase.\necho \"SUCCESS\" > \"${SCRIPT_OUTPUT_FILE_0}\"\n";
			showEnvVarsInLog = 0;
		};
/* End PBXShellScriptBuildPhase section */

/* Begin PBXSourcesBuildPhase section */
		105095312757E241007BCC71 /* Sources */ = {
			isa = PBXSourcesBuildPhase;
			buildActionMask = 2147483647;
			files = (
				109576BF27612EF8009F1E04 /* ScheduleOptionsTableViewController.swift in Sources */,
				107FE5BB27763D2A00E0DB2D /* UIColor.swift in Sources */,
				10E5F4792771089B005246C0 /* AlertContact.swift in Sources */,
				104145252774D83200931818 /* ScheduleModel.swift in Sources */,
				10959ED32769063C00C639E7 /* ColorsScheduleTableViewCell.swift in Sources */,
				10959ECA2767B1E400C639E7 /* AlertForCellName.swift in Sources */,
				109576C9276285E8009F1E04 /* HeaderOptionsTableViewCell.swift in Sources */,
				100EF55D276CF14D00071035 /* ContactsTableViewController.swift in Sources */,
				1050953D2757E241007BCC71 /* MainTabBarController.swift in Sources */,
				10AA3231275D3139000B00AA /* ScheduleTableViewCell.swift in Sources */,
				1050956D2757F967007BCC71 /* ScheduleViewController.swift in Sources */,
				107716DB2769149F0026C929 /* OptionsTasksTableViewCell.swift in Sources */,
				109576B7275E8016009F1E04 /* UIStackView.swift in Sources */,
				10959EC62767AE4400C639E7 /* alertTime.swift in Sources */,
				107FE5BE2776424600E0DB2D /* PressButtonProtocols.swift in Sources */,
				109576B9275FC5BA009F1E04 /* UILabel.swift in Sources */,
				104145282774DAD400931818 /* RealmManager.swift in Sources */,
				10959ED12767B95700C639E7 /* ClientsViewController.swift in Sources */,
				10B68151277A28CE00F43409 /* AlertSavedSucces.swift in Sources */,
				1050956F2757F9C3007BCC71 /* TasksViewController.swift in Sources */,
				109576BD275FDB06009F1E04 /* TasksTableViewCell.swift in Sources */,
				105095392757E241007BCC71 /* AppDelegate.swift in Sources */,
				100EF55F276CF34300071035 /* ContactsTableViewCell.swift in Sources */,
				10959ECD2767B72100C639E7 /* ScheduleColorsViewController.swift in Sources */,
				10959ED527690B9A00C639E7 /* TasksOptionsTableView.swift in Sources */,
				10E5F4772770F1B1005246C0 /* ContactsOptionsTableViewController.swift in Sources */,
				109576C727627965009F1E04 /* OptionsTableViewCell.swift in Sources */,
				1050953B2757E241007BCC71 /* SceneDelegate.swift in Sources */,
				109576CC27666CE7009F1E04 /* AlertDate.swift in Sources */,
				10E5F47B27723DCB005246C0 /* AlertPhotoCamera.swift in Sources */,
			);
			runOnlyForDeploymentPostprocessing = 0;
		};
		105095472757E242007BCC71 /* Sources */ = {
			isa = PBXSourcesBuildPhase;
			buildActionMask = 2147483647;
			files = (
				105095502757E242007BCC71 /* ScheduleAppTests.swift in Sources */,
			);
			runOnlyForDeploymentPostprocessing = 0;
		};
		105095522757E242007BCC71 /* Sources */ = {
			isa = PBXSourcesBuildPhase;
			buildActionMask = 2147483647;
			files = (
				1050955B2757E242007BCC71 /* ScheduleAppUITests.swift in Sources */,
			);
			runOnlyForDeploymentPostprocessing = 0;
		};
/* End PBXSourcesBuildPhase section */

/* Begin PBXTargetDependency section */
		1050954D2757E242007BCC71 /* PBXTargetDependency */ = {
			isa = PBXTargetDependency;
			target = 105095342757E241007BCC71 /* ScheduleApp */;
			targetProxy = 1050954C2757E242007BCC71 /* PBXContainerItemProxy */;
		};
		105095582757E242007BCC71 /* PBXTargetDependency */ = {
			isa = PBXTargetDependency;
			target = 105095342757E241007BCC71 /* ScheduleApp */;
			targetProxy = 105095572757E242007BCC71 /* PBXContainerItemProxy */;
		};
/* End PBXTargetDependency section */

/* Begin PBXVariantGroup section */
		105095432757E242007BCC71 /* LaunchScreen.storyboard */ = {
			isa = PBXVariantGroup;
			children = (
				105095442757E242007BCC71 /* Base */,
			);
			name = LaunchScreen.storyboard;
			sourceTree = "<group>";
		};
/* End PBXVariantGroup section */

/* Begin XCBuildConfiguration section */
		1050955D2757E243007BCC71 /* Debug */ = {
			isa = XCBuildConfiguration;
			buildSettings = {
				ALWAYS_SEARCH_USER_PATHS = NO;
				CLANG_ANALYZER_NONNULL = YES;
				CLANG_ANALYZER_NUMBER_OBJECT_CONVERSION = YES_AGGRESSIVE;
				CLANG_CXX_LANGUAGE_STANDARD = "gnu++14";
				CLANG_CXX_LIBRARY = "libc++";
				CLANG_ENABLE_MODULES = YES;
				CLANG_ENABLE_OBJC_ARC = YES;
				CLANG_ENABLE_OBJC_WEAK = YES;
				CLANG_WARN_BLOCK_CAPTURE_AUTORELEASING = YES;
				CLANG_WARN_BOOL_CONVERSION = YES;
				CLANG_WARN_COMMA = YES;
				CLANG_WARN_CONSTANT_CONVERSION = YES;
				CLANG_WARN_DEPRECATED_OBJC_IMPLEMENTATIONS = YES;
				CLANG_WARN_DIRECT_OBJC_ISA_USAGE = YES_ERROR;
				CLANG_WARN_DOCUMENTATION_COMMENTS = YES;
				CLANG_WARN_EMPTY_BODY = YES;
				CLANG_WARN_ENUM_CONVERSION = YES;
				CLANG_WARN_INFINITE_RECURSION = YES;
				CLANG_WARN_INT_CONVERSION = YES;
				CLANG_WARN_NON_LITERAL_NULL_CONVERSION = YES;
				CLANG_WARN_OBJC_IMPLICIT_RETAIN_SELF = YES;
				CLANG_WARN_OBJC_LITERAL_CONVERSION = YES;
				CLANG_WARN_OBJC_ROOT_CLASS = YES_ERROR;
				CLANG_WARN_QUOTED_INCLUDE_IN_FRAMEWORK_HEADER = YES;
				CLANG_WARN_RANGE_LOOP_ANALYSIS = YES;
				CLANG_WARN_STRICT_PROTOTYPES = YES;
				CLANG_WARN_SUSPICIOUS_MOVE = YES;
				CLANG_WARN_UNGUARDED_AVAILABILITY = YES_AGGRESSIVE;
				CLANG_WARN_UNREACHABLE_CODE = YES;
				CLANG_WARN__DUPLICATE_METHOD_MATCH = YES;
				COPY_PHASE_STRIP = NO;
				DEBUG_INFORMATION_FORMAT = dwarf;
				ENABLE_STRICT_OBJC_MSGSEND = YES;
				ENABLE_TESTABILITY = YES;
				GCC_C_LANGUAGE_STANDARD = gnu11;
				GCC_DYNAMIC_NO_PIC = NO;
				GCC_NO_COMMON_BLOCKS = YES;
				GCC_OPTIMIZATION_LEVEL = 0;
				GCC_PREPROCESSOR_DEFINITIONS = (
					"DEBUG=1",
					"$(inherited)",
				);
				GCC_WARN_64_TO_32_BIT_CONVERSION = YES;
				GCC_WARN_ABOUT_RETURN_TYPE = YES_ERROR;
				GCC_WARN_UNDECLARED_SELECTOR = YES;
				GCC_WARN_UNINITIALIZED_AUTOS = YES_AGGRESSIVE;
				GCC_WARN_UNUSED_FUNCTION = YES;
				GCC_WARN_UNUSED_VARIABLE = YES;
				IPHONEOS_DEPLOYMENT_TARGET = 14.5;
				MTL_ENABLE_DEBUG_INFO = INCLUDE_SOURCE;
				MTL_FAST_MATH = YES;
				ONLY_ACTIVE_ARCH = YES;
				SDKROOT = iphoneos;
				SWIFT_ACTIVE_COMPILATION_CONDITIONS = DEBUG;
				SWIFT_OPTIMIZATION_LEVEL = "-Onone";
			};
			name = Debug;
		};
		1050955E2757E243007BCC71 /* Release */ = {
			isa = XCBuildConfiguration;
			buildSettings = {
				ALWAYS_SEARCH_USER_PATHS = NO;
				CLANG_ANALYZER_NONNULL = YES;
				CLANG_ANALYZER_NUMBER_OBJECT_CONVERSION = YES_AGGRESSIVE;
				CLANG_CXX_LANGUAGE_STANDARD = "gnu++14";
				CLANG_CXX_LIBRARY = "libc++";
				CLANG_ENABLE_MODULES = YES;
				CLANG_ENABLE_OBJC_ARC = YES;
				CLANG_ENABLE_OBJC_WEAK = YES;
				CLANG_WARN_BLOCK_CAPTURE_AUTORELEASING = YES;
				CLANG_WARN_BOOL_CONVERSION = YES;
				CLANG_WARN_COMMA = YES;
				CLANG_WARN_CONSTANT_CONVERSION = YES;
				CLANG_WARN_DEPRECATED_OBJC_IMPLEMENTATIONS = YES;
				CLANG_WARN_DIRECT_OBJC_ISA_USAGE = YES_ERROR;
				CLANG_WARN_DOCUMENTATION_COMMENTS = YES;
				CLANG_WARN_EMPTY_BODY = YES;
				CLANG_WARN_ENUM_CONVERSION = YES;
				CLANG_WARN_INFINITE_RECURSION = YES;
				CLANG_WARN_INT_CONVERSION = YES;
				CLANG_WARN_NON_LITERAL_NULL_CONVERSION = YES;
				CLANG_WARN_OBJC_IMPLICIT_RETAIN_SELF = YES;
				CLANG_WARN_OBJC_LITERAL_CONVERSION = YES;
				CLANG_WARN_OBJC_ROOT_CLASS = YES_ERROR;
				CLANG_WARN_QUOTED_INCLUDE_IN_FRAMEWORK_HEADER = YES;
				CLANG_WARN_RANGE_LOOP_ANALYSIS = YES;
				CLANG_WARN_STRICT_PROTOTYPES = YES;
				CLANG_WARN_SUSPICIOUS_MOVE = YES;
				CLANG_WARN_UNGUARDED_AVAILABILITY = YES_AGGRESSIVE;
				CLANG_WARN_UNREACHABLE_CODE = YES;
				CLANG_WARN__DUPLICATE_METHOD_MATCH = YES;
				COPY_PHASE_STRIP = NO;
				DEBUG_INFORMATION_FORMAT = "dwarf-with-dsym";
				ENABLE_NS_ASSERTIONS = NO;
				ENABLE_STRICT_OBJC_MSGSEND = YES;
				GCC_C_LANGUAGE_STANDARD = gnu11;
				GCC_NO_COMMON_BLOCKS = YES;
				GCC_WARN_64_TO_32_BIT_CONVERSION = YES;
				GCC_WARN_ABOUT_RETURN_TYPE = YES_ERROR;
				GCC_WARN_UNDECLARED_SELECTOR = YES;
				GCC_WARN_UNINITIALIZED_AUTOS = YES_AGGRESSIVE;
				GCC_WARN_UNUSED_FUNCTION = YES;
				GCC_WARN_UNUSED_VARIABLE = YES;
				IPHONEOS_DEPLOYMENT_TARGET = 14.5;
				MTL_ENABLE_DEBUG_INFO = NO;
				MTL_FAST_MATH = YES;
				SDKROOT = iphoneos;
				SWIFT_COMPILATION_MODE = wholemodule;
				SWIFT_OPTIMIZATION_LEVEL = "-O";
				VALIDATE_PRODUCT = YES;
			};
			name = Release;
		};
		105095602757E243007BCC71 /* Debug */ = {
			isa = XCBuildConfiguration;
			baseConfigurationReference = F043ED3AC3386641D84244BE /* Pods-ScheduleApp.debug.xcconfig */;
			buildSettings = {
				ASSETCATALOG_COMPILER_APPICON_NAME = AppIcon;
				ASSETCATALOG_COMPILER_GLOBAL_ACCENT_COLOR_NAME = AccentColor;
				CODE_SIGN_STYLE = Automatic;
				DEVELOPMENT_TEAM = 8GGDVJ5Z5B;
				INFOPLIST_FILE = ScheduleApp/Info.plist;
				"INFOPLIST_FILE[sdk=*]" = ScheduleApp/Sourses/Info.plist;
				IPHONEOS_DEPLOYMENT_TARGET = 14.5;
				LD_RUNPATH_SEARCH_PATHS = (
					"$(inherited)",
					"@executable_path/Frameworks",
				);
				PRODUCT_BUNDLE_IDENTIFIER = "Poletaev-Alexandr.ScheduleApp";
				PRODUCT_NAME = "$(TARGET_NAME)";
				SWIFT_VERSION = 5.0;
				TARGETED_DEVICE_FAMILY = "1,2";
			};
			name = Debug;
		};
		105095612757E243007BCC71 /* Release */ = {
			isa = XCBuildConfiguration;
			baseConfigurationReference = 67390681922B313F558F65F6 /* Pods-ScheduleApp.release.xcconfig */;
			buildSettings = {
				ASSETCATALOG_COMPILER_APPICON_NAME = AppIcon;
				ASSETCATALOG_COMPILER_GLOBAL_ACCENT_COLOR_NAME = AccentColor;
				CODE_SIGN_STYLE = Automatic;
				DEVELOPMENT_TEAM = 8GGDVJ5Z5B;
				IPHONEOS_DEPLOYMENT_TARGET = 14.5;
				LD_RUNPATH_SEARCH_PATHS = (
					"$(inherited)",
					"@executable_path/Frameworks",
				);
				PRODUCT_BUNDLE_IDENTIFIER = "Poletaev-Alexandr.ScheduleApp";
				PRODUCT_NAME = "$(TARGET_NAME)";
				SWIFT_VERSION = 5.0;
				TARGETED_DEVICE_FAMILY = "1,2";
			};
			name = Release;
		};
		105095632757E243007BCC71 /* Debug */ = {
			isa = XCBuildConfiguration;
			baseConfigurationReference = 405D6516CA0936B28EE7F380 /* Pods-ScheduleAppTests.debug.xcconfig */;
			buildSettings = {
				ALWAYS_EMBED_SWIFT_STANDARD_LIBRARIES = YES;
				BUNDLE_LOADER = "$(TEST_HOST)";
				CODE_SIGN_STYLE = Automatic;
				DEVELOPMENT_TEAM = 8GGDVJ5Z5B;
				INFOPLIST_FILE = ScheduleAppTests/Info.plist;
				IPHONEOS_DEPLOYMENT_TARGET = 14.5;
				LD_RUNPATH_SEARCH_PATHS = (
					"$(inherited)",
					"@executable_path/Frameworks",
					"@loader_path/Frameworks",
				);
				PRODUCT_BUNDLE_IDENTIFIER = "Poletaev-Alexandr.ScheduleAppTests";
				PRODUCT_NAME = "$(TARGET_NAME)";
				SWIFT_VERSION = 5.0;
				TARGETED_DEVICE_FAMILY = "1,2";
				TEST_HOST = "$(BUILT_PRODUCTS_DIR)/ScheduleApp.app/ScheduleApp";
			};
			name = Debug;
		};
		105095642757E243007BCC71 /* Release */ = {
			isa = XCBuildConfiguration;
			baseConfigurationReference = 872866CDD24DB73C5FF82F5C /* Pods-ScheduleAppTests.release.xcconfig */;
			buildSettings = {
				ALWAYS_EMBED_SWIFT_STANDARD_LIBRARIES = YES;
				BUNDLE_LOADER = "$(TEST_HOST)";
				CODE_SIGN_STYLE = Automatic;
				DEVELOPMENT_TEAM = 8GGDVJ5Z5B;
				INFOPLIST_FILE = ScheduleAppTests/Info.plist;
				IPHONEOS_DEPLOYMENT_TARGET = 14.5;
				LD_RUNPATH_SEARCH_PATHS = (
					"$(inherited)",
					"@executable_path/Frameworks",
					"@loader_path/Frameworks",
				);
				PRODUCT_BUNDLE_IDENTIFIER = "Poletaev-Alexandr.ScheduleAppTests";
				PRODUCT_NAME = "$(TARGET_NAME)";
				SWIFT_VERSION = 5.0;
				TARGETED_DEVICE_FAMILY = "1,2";
				TEST_HOST = "$(BUILT_PRODUCTS_DIR)/ScheduleApp.app/ScheduleApp";
			};
			name = Release;
		};
		105095662757E243007BCC71 /* Debug */ = {
			isa = XCBuildConfiguration;
			baseConfigurationReference = 2E453E5A8986123212DF9C07 /* Pods-ScheduleApp-ScheduleAppUITests.debug.xcconfig */;
			buildSettings = {
				ALWAYS_EMBED_SWIFT_STANDARD_LIBRARIES = YES;
				CODE_SIGN_STYLE = Automatic;
				DEVELOPMENT_TEAM = 8GGDVJ5Z5B;
				INFOPLIST_FILE = ScheduleAppUITests/Info.plist;
				LD_RUNPATH_SEARCH_PATHS = (
					"$(inherited)",
					"@executable_path/Frameworks",
					"@loader_path/Frameworks",
				);
				PRODUCT_BUNDLE_IDENTIFIER = "Poletaev-Alexandr.ScheduleAppUITests";
				PRODUCT_NAME = "$(TARGET_NAME)";
				SWIFT_VERSION = 5.0;
				TARGETED_DEVICE_FAMILY = "1,2";
				TEST_TARGET_NAME = ScheduleApp;
			};
			name = Debug;
		};
		105095672757E243007BCC71 /* Release */ = {
			isa = XCBuildConfiguration;
			baseConfigurationReference = 7FEB4B46A6E7B78FF03D96B3 /* Pods-ScheduleApp-ScheduleAppUITests.release.xcconfig */;
			buildSettings = {
				ALWAYS_EMBED_SWIFT_STANDARD_LIBRARIES = YES;
				CODE_SIGN_STYLE = Automatic;
				DEVELOPMENT_TEAM = 8GGDVJ5Z5B;
				INFOPLIST_FILE = ScheduleAppUITests/Info.plist;
				LD_RUNPATH_SEARCH_PATHS = (
					"$(inherited)",
					"@executable_path/Frameworks",
					"@loader_path/Frameworks",
				);
				PRODUCT_BUNDLE_IDENTIFIER = "Poletaev-Alexandr.ScheduleAppUITests";
				PRODUCT_NAME = "$(TARGET_NAME)";
				SWIFT_VERSION = 5.0;
				TARGETED_DEVICE_FAMILY = "1,2";
				TEST_TARGET_NAME = ScheduleApp;
			};
			name = Release;
		};
/* End XCBuildConfiguration section */

/* Begin XCConfigurationList section */
		105095302757E241007BCC71 /* Build configuration list for PBXProject "ScheduleApp" */ = {
			isa = XCConfigurationList;
			buildConfigurations = (
				1050955D2757E243007BCC71 /* Debug */,
				1050955E2757E243007BCC71 /* Release */,
			);
			defaultConfigurationIsVisible = 0;
			defaultConfigurationName = Release;
		};
		1050955F2757E243007BCC71 /* Build configuration list for PBXNativeTarget "ScheduleApp" */ = {
			isa = XCConfigurationList;
			buildConfigurations = (
				105095602757E243007BCC71 /* Debug */,
				105095612757E243007BCC71 /* Release */,
			);
			defaultConfigurationIsVisible = 0;
			defaultConfigurationName = Release;
		};
		105095622757E243007BCC71 /* Build configuration list for PBXNativeTarget "ScheduleAppTests" */ = {
			isa = XCConfigurationList;
			buildConfigurations = (
				105095632757E243007BCC71 /* Debug */,
				105095642757E243007BCC71 /* Release */,
			);
			defaultConfigurationIsVisible = 0;
			defaultConfigurationName = Release;
		};
		105095652757E243007BCC71 /* Build configuration list for PBXNativeTarget "ScheduleAppUITests" */ = {
			isa = XCConfigurationList;
			buildConfigurations = (
				105095662757E243007BCC71 /* Debug */,
				105095672757E243007BCC71 /* Release */,
			);
			defaultConfigurationIsVisible = 0;
			defaultConfigurationName = Release;
		};
/* End XCConfigurationList section */

/* Begin XCRemoteSwiftPackageReference section */
		105C162227725BF9009CE623 /* XCRemoteSwiftPackageReference "realm-swift" */ = {
			isa = XCRemoteSwiftPackageReference;
			repositoryURL = "https://github.com/realm/realm-swift.git";
			requirement = {
				kind = upToNextMajorVersion;
				minimumVersion = 10.20.2;
			};
		};
/* End XCRemoteSwiftPackageReference section */

/* Begin XCSwiftPackageProductDependency section */
		105C162327725BF9009CE623 /* Realm */ = {
			isa = XCSwiftPackageProductDependency;
			package = 105C162227725BF9009CE623 /* XCRemoteSwiftPackageReference "realm-swift" */;
			productName = Realm;
		};
		105C162527725BF9009CE623 /* RealmSwift */ = {
			isa = XCSwiftPackageProductDependency;
			package = 105C162227725BF9009CE623 /* XCRemoteSwiftPackageReference "realm-swift" */;
			productName = RealmSwift;
		};
/* End XCSwiftPackageProductDependency section */
	};
	rootObject = 1050952D2757E241007BCC71 /* Project object */;
}
